{
  "requires": true,
  "lockfileVersion": 1,
  "dependencies": {
    "@types/jquery": {
      "version": "3.3.29",
      "resolved": "https://registry.npmjs.org/@types/jquery/-/jquery-3.3.29.tgz",
      "integrity": "sha512-FhJvBninYD36v3k6c+bVk1DSZwh7B5Dpb/Pyk3HKVsiohn0nhbefZZ+3JXbWQhFyt0MxSl2jRDdGQPHeOHFXrQ==",
      "requires": {
        "@types/sizzle": "*"
      }
    },
    "@types/sizzle": {
      "version": "2.3.2",
      "resolved": "https://registry.npmjs.org/@types/sizzle/-/sizzle-2.3.2.tgz",
      "integrity": "sha512-7EJYyKTL7tFR8+gDbB6Wwz/arpGa0Mywk1TJbNzKzHtzbwVmY4HR9WqS5VV7dsBUKQmPNr192jHr/VpBluj/hg=="
    },
    "angular-custom-modal": {
      "version": "1.2.0",
      "resolved": "https://registry.npmjs.org/angular-custom-modal/-/angular-custom-modal-1.2.0.tgz",
      "integrity": "sha512-EraMEdMV6OSSc5ds7IxWTRgw/pQo4tHKvnuPk9N1LuLN5S8jIhIQXj7IOuwKZ1GVtGqWtcJHznL1G/SIRWFI4g=="
    },
    "jquery": {
      "version": "3.4.1",
      "resolved": "https://registry.npmjs.org/jquery/-/jquery-3.4.1.tgz",
      "integrity": "sha512-36+AdBzCL+y6qjw5Tx7HgzeGCzC81MDDgaUP8ld2zhx58HdqXGoBd+tHdrBMiyjGQs0Hxs/MLZTu/eHNJJuWPw=="
    },
    "ngx-bootstrap": {
      "version": "4.2.0",
      "resolved": "https://registry.npmjs.org/ngx-bootstrap/-/ngx-bootstrap-4.2.0.tgz",
      "integrity": "sha512-+oqkTiNWgd0IOUI0+DDlBjbdYN40Ymqu5kBgsbfxTnySOVgWfdO4BLbbv5YuKRWNnzkCLECLiL5WWB6WrWmDsA=="
    }
  }
}
